{
  "name": "src-tauri",
  "lockfileVersion": 3,
  "requires": true,
  "packages": {
    "": {
      "dependencies": {
        "@tauri-apps/cli": "^2.11.4",
        "@tauri-apps/plugin-fs": "^2.5.2"
      }
    },
    "../node_modules/.pnpm/@tauri-apps+cli@2.11.4/node_modules/@tauri-apps/cli": {
      "version": "2.11.4",
      "license": "Apache-2.0 OR MIT",
      "bin": {
        "tauri": "tauri.js"
      },
      "devDependencies": {
        "@napi-rs/cli": "3.4.1",
        "@types/node": "^24.11.0",
        "cross-env": "10.1.0",
        "vitest": "^4.0.18"
      },
      "engines": {
        "node": ">= 10"
      },
      "funding": {
        "type": "opencollective",
        "url": "https://opencollective.com/tauri"
      },
      "optionalDependencies": {
        "@tauri-apps/cli-darwin-arm64": "2.11.4",
        "@tauri-apps/cli-darwin-x64": "2.11.4",
        "@tauri-apps/cli-linux-arm-gnueabihf": "2.11.4",
        "@tauri-apps/cli-linux-arm64-gnu": "2.11.4",
        "@tauri-apps/cli-linux-arm64-musl": "2.11.4",
        "@tauri-apps/cli-linux-riscv64-gnu": "2.11.4",
        "@tauri-apps/cli-linux-x64-gnu": "2.11.4",
        "@tauri-apps/cli-linux-x64-musl": "2.11.4",
        "@tauri-apps/cli-win32-arm64-msvc": "2.11.4",
        "@tauri-apps/cli-win32-ia32-msvc": "2.11.4",
        "@tauri-apps/cli-win32-x64-msvc": "2.11.4"
      }
    },
    "node_modules/@tauri-apps/api": {
      "version": "2.11.1",
      "resolved": "https://registry.npmjs.org/@tauri-apps/api/-/api-2.11.1.tgz",
      "integrity": "sha512-M2FPuYND2m+wh5hfW9ZpSdxMPdEJovPBWwoHJmwUpysTYNHaOkVFN419m/K0LIgjb/7KU2vBgsUepJWugQCvAA==",
      "license": "Apache-2.0 OR MIT",
      "funding": {
        "type": "opencollective",
        "url": "https://opencollective.com/tauri"
      }
    },
    "node_modules/@tauri-apps/cli": {
      "resolved": "../node_modules/.pnpm/@tauri-apps+cli@2.11.4/node_modules/@tauri-apps/cli",
      "link": true
    },
    "node_modules/@tauri-apps/plugin-fs": {
      "version": "2.5.2",
      "resolved": "https://registry.npmjs.org/@tauri-apps/plugin-fs/-/plugin-fs-2.5.2.tgz",
      "integrity": "sha512-XXvMSnFiob+G1H+YHCDf+bzWVumseQuEIhzpbOJzevUfL4k0U+sTApZWJHpoLiamggnVPJm5dJ5sDsniRyWxlg==",
      "license": "MIT OR Apache-2.0",
      "dependencies": {
        "@tauri-apps/api": "^2.11.0"
      }
    }
  }
}
